
Microsoft Visual Studio Solution File, Format Version 12.00
# Visual Studio Version 16
VisualStudioVersion = 16.0.32901.82
MinimumVisualStudioVersion = 10.0.40219.1
Project("{FAE04EC0-301F-11D3-BF4B-00C04F79EFBC}") = "DemoUpSchoolProject", "DemoUpSchoolProject\DemoUpSchoolProject.csproj", "{87792692-11DC-45E3-AE57-9D11592170E7}"
EndProject
Global
	GlobalSection(SolutionConfigurationPlatforms) = preSolution
		Debug|Any CPU = Debug|Any CPU
		Release|Any CPU = Release|Any CPU
	EndGlobalSection
	GlobalSection(ProjectConfigurationPlatforms) = postSolution
		{87792692-11DC-45E3-AE57-9D11592170E7}.Debug|Any CPU.ActiveCfg = Debug|Any CPU
		{87792692-11DC-45E3-AE57-9D11592170E7}.Debug|Any CPU.Build.0 = Debug|Any CPU
		{87792692-11DC-45E3-AE57-9D11592170E7}.Release|Any CPU.ActiveCfg = Release|Any CPU
		{87792692-11DC-45E3-AE57-9D11592170E7}.Release|Any CPU.Build.0 = Release|Any CPU
	EndGlobalSection
	GlobalSection(SolutionProperties) = preSolution
		HideSolutionNode = FALSE
	EndGlobalSection
	GlobalSection(ExtensibilityGlobals) = postSolution
		SolutionGuid = {22504B07-3F63-4513-AAED-F744E7BCFB16}
	EndGlobalSection
EndGlobal
